
Microsoft Visual Studio Solution File, Format Version 12.00
# Visual Studio 15
VisualStudioVersion = 15.0.27428.2037
MinimumVisualStudioVersion = 10.0.40219.1
Project("{FAE04EC0-301F-11D3-BF4B-00C04F79EFBC}") = "WindowsFormsApp1", "WindowsFormsApp1\WindowsFormsApp1.csproj", "{AB85AFFD-51A8-4E30-BD9D-A2222014D347}"
EndProject
Global
	GlobalSection(SolutionConfigurationPlatforms) = preSolution
		Debug|Any CPU = Debug|Any CPU
		Release|Any CPU = Release|Any CPU
	EndGlobalSection
	GlobalSection(ProjectConfigurationPlatforms) = postSolution
		{AB85AFFD-51A8-4E30-BD9D-A2222014D347}.Debug|Any CPU.ActiveCfg = Debug|Any CPU
		{AB85AFFD-51A8-4E30-BD9D-A2222014D347}.Debug|Any CPU.Build.0 = Debug|Any CPU
		{AB85AFFD-51A8-4E30-BD9D-A2222014D347}.Release|Any CPU.ActiveCfg = Release|Any CPU
		{AB85AFFD-51A8-4E30-BD9D-A2222014D347}.Release|Any CPU.Build.0 = Release|Any CPU
	EndGlobalSection
	GlobalSection(SolutionProperties) = preSolution
		HideSolutionNode = FALSE
	EndGlobalSection
	GlobalSection(ExtensibilityGlobals) = postSolution
		SolutionGuid = {D7788A7B-F2DF-43A0-9B11-1D26B5AA9B83}
	EndGlobalSection
EndGlobal
